
Microsoft Visual Studio Solution File, Format Version 12.00
# Visual Studio Version 16
VisualStudioVersion = 16.0.30320.27
MinimumVisualStudioVersion = 10.0.40219.1
Project("{FAE04EC0-301F-11D3-BF4B-00C04F79EFBC}") = "LakMall.Domain", "LakMall.Domain\LakMall.Domain.csproj", "{BB95C003-3B2D-48EE-918E-CC4F0469F382}"
EndProject
Project("{FAE04EC0-301F-11D3-BF4B-00C04F79EFBC}") = "LakMall.DAL", "LakMall.DAL\LakMall.DAL.csproj", "{2D8475FA-C075-4878-A105-594ADD24F936}"
EndProject
Project("{FAE04EC0-301F-11D3-BF4B-00C04F79EFBC}") = "LakMall.Services", "LakMall.Services\LakMall.Services.csproj", "{129E59E0-A9DA-4A29-887A-7CC97D98293C}"
EndProject
Project("{FAE04EC0-301F-11D3-BF4B-00C04F79EFBC}") = "LakMall.API", "LakMall.API\LakMall.API.csproj", "{DC57E32C-8AD2-451C-A2D8-9DE5E2889780}"
EndProject
Global
	GlobalSection(SolutionConfigurationPlatforms) = preSolution
		Debug|Any CPU = Debug|Any CPU
		Release|Any CPU = Release|Any CPU
	EndGlobalSection
	GlobalSection(ProjectConfigurationPlatforms) = postSolution
		{BB95C003-3B2D-48EE-918E-CC4F0469F382}.Debug|Any CPU.ActiveCfg = Debug|Any CPU
		{BB95C003-3B2D-48EE-918E-CC4F0469F382}.Debug|Any CPU.Build.0 = Debug|Any CPU
		{BB95C003-3B2D-48EE-918E-CC4F0469F382}.Release|Any CPU.ActiveCfg = Release|Any CPU
		{BB95C003-3B2D-48EE-918E-CC4F0469F382}.Release|Any CPU.Build.0 = Release|Any CPU
		{2D8475FA-C075-4878-A105-594ADD24F936}.Debug|Any CPU.ActiveCfg = Debug|Any CPU
		{2D8475FA-C075-4878-A105-594ADD24F936}.Debug|Any CPU.Build.0 = Debug|Any CPU
		{2D8475FA-C075-4878-A105-594ADD24F936}.Release|Any CPU.ActiveCfg = Release|Any CPU
		{2D8475FA-C075-4878-A105-594ADD24F936}.Release|Any CPU.Build.0 = Release|Any CPU
		{129E59E0-A9DA-4A29-887A-7CC97D98293C}.Debug|Any CPU.ActiveCfg = Debug|Any CPU
		{129E59E0-A9DA-4A29-887A-7CC97D98293C}.Debug|Any CPU.Build.0 = Debug|Any CPU
		{129E59E0-A9DA-4A29-887A-7CC97D98293C}.Release|Any CPU.ActiveCfg = Release|Any CPU
		{129E59E0-A9DA-4A29-887A-7CC97D98293C}.Release|Any CPU.Build.0 = Release|Any CPU
		{DC57E32C-8AD2-451C-A2D8-9DE5E2889780}.Debug|Any CPU.ActiveCfg = Debug|Any CPU
		{DC57E32C-8AD2-451C-A2D8-9DE5E2889780}.Debug|Any CPU.Build.0 = Debug|Any CPU
		{DC57E32C-8AD2-451C-A2D8-9DE5E2889780}.Release|Any CPU.ActiveCfg = Release|Any CPU
		{DC57E32C-8AD2-451C-A2D8-9DE5E2889780}.Release|Any CPU.Build.0 = Release|Any CPU
	EndGlobalSection
	GlobalSection(SolutionProperties) = preSolution
		HideSolutionNode = FALSE
	EndGlobalSection
	GlobalSection(ExtensibilityGlobals) = postSolution
		SolutionGuid = {6EE8633E-4AEA-420F-BF80-D91FA96497A7}
	EndGlobalSection
EndGlobal
